
Microsoft Visual Studio Solution File, Format Version 12.00
# Visual Studio Version 17
VisualStudioVersion = 17.9.34728.123
MinimumVisualStudioVersion = 10.0.40219.1
Project("{FAE04EC0-301F-11D3-BF4B-00C04F79EFBC}") = "EjercicioEvaluacion1", "EjercicioEvaluacion1\EjercicioEvaluacion1.csproj", "{71124E3B-2590-4096-B9ED-93D35D98C090}"
EndProject
Project("{FAE04EC0-301F-11D3-BF4B-00C04F79EFBC}") = "EjercicioEvaluacion1.Client", "EjercicioEvaluacion1.Client\EjercicioEvaluacion1.Client.csproj", "{63389019-6779-428C-B23F-10DC25BC2C0C}"
EndProject
Global
	GlobalSection(SolutionConfigurationPlatforms) = preSolution
		Debug|Any CPU = Debug|Any CPU
		Release|Any CPU = Release|Any CPU
	EndGlobalSection
	GlobalSection(ProjectConfigurationPlatforms) = postSolution
		{71124E3B-2590-4096-B9ED-93D35D98C090}.Debug|Any CPU.ActiveCfg = Debug|Any CPU
		{71124E3B-2590-4096-B9ED-93D35D98C090}.Debug|Any CPU.Build.0 = Debug|Any CPU
		{71124E3B-2590-4096-B9ED-93D35D98C090}.Release|Any CPU.ActiveCfg = Release|Any CPU
		{71124E3B-2590-4096-B9ED-93D35D98C090}.Release|Any CPU.Build.0 = Release|Any CPU
		{63389019-6779-428C-B23F-10DC25BC2C0C}.Debug|Any CPU.ActiveCfg = Debug|Any CPU
		{63389019-6779-428C-B23F-10DC25BC2C0C}.Debug|Any CPU.Build.0 = Debug|Any CPU
		{63389019-6779-428C-B23F-10DC25BC2C0C}.Release|Any CPU.ActiveCfg = Release|Any CPU
		{63389019-6779-428C-B23F-10DC25BC2C0C}.Release|Any CPU.Build.0 = Release|Any CPU
	EndGlobalSection
	GlobalSection(SolutionProperties) = preSolution
		HideSolutionNode = FALSE
	EndGlobalSection
	GlobalSection(ExtensibilityGlobals) = postSolution
		SolutionGuid = {2BB5433B-109D-4B97-9CE9-9FAA602158ED}
	EndGlobalSection
EndGlobal
